
Microsoft Visual Studio Solution File, Format Version 12.00
# Visual Studio Version 17
VisualStudioVersion = 17.9.34723.18
MinimumVisualStudioVersion = 10.0.40219.1
Project("{FAE04EC0-301F-11D3-BF4B-00C04F79EFBC}") = "Hello", "Hello\Hello.csproj", "{65DBD94F-537D-4B8E-8204-1FC56452C5F1}"
EndProject
Global
	GlobalSection(SolutionConfigurationPlatforms) = preSolution
		Debug|Any CPU = Debug|Any CPU
		Release|Any CPU = Release|Any CPU
	EndGlobalSection
	GlobalSection(ProjectConfigurationPlatforms) = postSolution
		{65DBD94F-537D-4B8E-8204-1FC56452C5F1}.Debug|Any CPU.ActiveCfg = Debug|Any CPU
		{65DBD94F-537D-4B8E-8204-1FC56452C5F1}.Debug|Any CPU.Build.0 = Debug|Any CPU
		{65DBD94F-537D-4B8E-8204-1FC56452C5F1}.Release|Any CPU.ActiveCfg = Release|Any CPU
		{65DBD94F-537D-4B8E-8204-1FC56452C5F1}.Release|Any CPU.Build.0 = Release|Any CPU
	EndGlobalSection
	GlobalSection(SolutionProperties) = preSolution
		HideSolutionNode = FALSE
	EndGlobalSection
	GlobalSection(ExtensibilityGlobals) = postSolution
		SolutionGuid = {CD2C41B8-351F-4946-8DED-F037A4253376}
	EndGlobalSection
EndGlobal
